<?xml version="1.0" encoding="utf-8"?>
<Project ToolsVersion="4.0" xmlns="http://schemas.microsoft.com/developer/msbuild/2003">
  <ItemGroup>
    <Filter Include="src">
      <UniqueIdentifier>{c607c4a5-44e4-4664-a557-5d44f6d220e7}</UniqueIdentifier>
    </Filter>
    <Filter Include="src\KeyPair">
      <UniqueIdentifier>{d22a7353-256e-4f4b-bcd4-1feb06a54dd4}</UniqueIdentifier>
    </Filter>
    <Filter Include="src\KeyPair\PrivateKey">
      <UniqueIdentifier>{7aab0f30-7687-42f3-9a53-6a62f1f2c970}</UniqueIdentifier>
    </Filter>
    <Filter Include="src\KeyPair\PublicKey">
      <UniqueIdentifier>{5e0d06e3-5a4c-4850-9708-215a888c5ab4}</UniqueIdentifier>
    </Filter>
    <Filter Include="src\Math">
      <UniqueIdentifier>{850a3a03-4825-4509-8c98-dae16d7b8318}</UniqueIdentifier>
    </Filter>
    <Filter Include="src\MessageCoder">
      <UniqueIdentifier>{2a0bc97d-4ebf-45c5-b58d-9d28fdcecddd}</UniqueIdentifier>
    </Filter>
  </ItemGroup>
  <ItemGroup>
    <ClInclude Include="Vector.h">
      <Filter>src\Math</Filter>
    </ClInclude>
    <ClInclude Include="Matrix.h">
      <Filter>src\Math</Filter>
    </ClInclude>
    <ClInclude Include="MessageCoder.h">
      <Filter>src\MessageCoder</Filter>
    </ClInclude>
    <ClInclude Include="PublicKey.h">
      <Filter>src\KeyPair\PublicKey</Filter>
    </ClInclude>
    <ClInclude Include="PrivateKey.h">
      <Filter>src\KeyPair\PrivateKey</Filter>
    </ClInclude>
    <ClInclude Include="KeyPair.h">
      <Filter>src\KeyPair</Filter>
    </ClInclude>
    <ClInclude Include="LaBCry.h">
      <Filter>src</Filter>
    </ClInclude>
  </ItemGroup>
  <ItemGroup>
    <ClCompile Include="KeyPair.cpp">
      <Filter>src\KeyPair</Filter>
    </ClCompile>
    <ClCompile Include="main.cpp">
      <Filter>src</Filter>
    </ClCompile>
    <ClCompile Include="MessageCoder.cpp">
      <Filter>src\MessageCoder</Filter>
    </ClCompile>
    <ClCompile Include="PrivateKey.cpp">
      <Filter>src\KeyPair\PrivateKey</Filter>
    </ClCompile>
    <ClCompile Include="PublicKey.cpp">
      <Filter>src\KeyPair\PublicKey</Filter>
    </ClCompile>
  </ItemGroup>
</Project>